{
  "name": "print-app",
  "version": "1.0.0",
  "lockfileVersion": 1,
  "requires": true,
  "dependencies": {
    "print.js": {
      "version": "1.0.18",
      "resolved": "https://registry.npmjs.org/print.js/-/print.js-1.0.18.tgz",
      "integrity": "sha512-HwOkgl4fFP2u6Tt9zsgGid4nYYC0RFXIoii18voo3EgqVuu3lOoyo0gJk9TxtAY0Wmm7lLauteMBcE5bDi0VWg=="
    }
  }
}
